
Microsoft Visual Studio Solution File, Format Version 12.00
# Visual Studio Version 17
VisualStudioVersion = 17.13.35828.75 d17.13
MinimumVisualStudioVersion = 10.0.40219.1
Project("{FAE04EC0-301F-11D3-BF4B-00C04F79EFBC}") = "MemoriesBack", "MemoriesBack\MemoriesBack.csproj", "{F80BA47F-1F89-40D2-9F46-74AEE2E75990}"
EndProject
Project("{FAE04EC0-301F-11D3-BF4B-00C04F79EFBC}") = "MemoriesBack.Tests", "MemoriesBack.Tests\MemoriesBack.Tests.csproj", "{10BD294F-8357-40E7-8A6D-8FE7A7CFA40E}"
EndProject
Global
	GlobalSection(SolutionConfigurationPlatforms) = preSolution
		Debug|Any CPU = Debug|Any CPU
		Release|Any CPU = Release|Any CPU
	EndGlobalSection
	GlobalSection(ProjectConfigurationPlatforms) = postSolution
		{F80BA47F-1F89-40D2-9F46-74AEE2E75990}.Debug|Any CPU.ActiveCfg = Debug|Any CPU
		{F80BA47F-1F89-40D2-9F46-74AEE2E75990}.Debug|Any CPU.Build.0 = Debug|Any CPU
		{F80BA47F-1F89-40D2-9F46-74AEE2E75990}.Release|Any CPU.ActiveCfg = Release|Any CPU
		{F80BA47F-1F89-40D2-9F46-74AEE2E75990}.Release|Any CPU.Build.0 = Release|Any CPU
		{10BD294F-8357-40E7-8A6D-8FE7A7CFA40E}.Debug|Any CPU.ActiveCfg = Debug|Any CPU
		{10BD294F-8357-40E7-8A6D-8FE7A7CFA40E}.Debug|Any CPU.Build.0 = Debug|Any CPU
		{10BD294F-8357-40E7-8A6D-8FE7A7CFA40E}.Release|Any CPU.ActiveCfg = Release|Any CPU
		{10BD294F-8357-40E7-8A6D-8FE7A7CFA40E}.Release|Any CPU.Build.0 = Release|Any CPU
	EndGlobalSection
	GlobalSection(SolutionProperties) = preSolution
		HideSolutionNode = FALSE
	EndGlobalSection
	GlobalSection(ExtensibilityGlobals) = postSolution
		SolutionGuid = {1C8F1162-61F2-4E5C-859B-78CEA057D27F}
	EndGlobalSection
EndGlobal
